// !$*UTF8*$!
{
	archiveVersion = 1;
	classes = {
	};
	objectVersion = 46;
	objects = {

/* Begin PBXBuildFile section */
		BB01A3BE1FA8272C00311F5F /* HealthKit.framework in Frameworks */ = {isa = PBXBuildFile; fileRef = BB01A3BD1FA8272C00311F5F /* HealthKit.framework */; };
		BB444C1E1FA7EFDD00BBDC9B /* WorkoutManager.swift in Sources */ = {isa = PBXBuildFile; fileRef = BB444C1D1FA7EFDD00BBDC9B /* WorkoutManager.swift */; };
		BB444C221FA7F12000BBDC9B /* HealthKit.framework in Frameworks */ = {isa = PBXBuildFile; fileRef = BB444C211FA7F12000BBDC9B /* HealthKit.framework */; };
		BB444C241FA7F1F300BBDC9B /* HeartRateManager.swift in Sources */ = {isa = PBXBuildFile; fileRef = BB444C231FA7F1F300BBDC9B /* HeartRateManager.swift */; };
		BB444C261FA7F24400BBDC9B /* HeartRate.swift in Sources */ = {isa = PBXBuildFile; fileRef = BB444C251FA7F24400BBDC9B /* HeartRate.swift */; };
		BB444C281FA7F28400BBDC9B /* hkunitbpm.swift in Sources */ = {isa = PBXBuildFile; fileRef = BB444C271FA7F28400BBDC9B /* hkunitbpm.swift */; };
		BB444C2A1FA7F35000BBDC9B /* AuthorizationManager.swift in Sources */ = {isa = PBXBuildFile; fileRef = BB444C291FA7F35000BBDC9B /* AuthorizationManager.swift */; };
		BB600DF61FA7959A00C5EF70 /* AppDelegate.swift in Sources */ = {isa = PBXBuildFile; fileRef = BB600DF51FA7959A00C5EF70 /* AppDelegate.swift */; };
		BB600DF81FA7959A00C5EF70 /* ViewController.swift in Sources */ = {isa = PBXBuildFile; fileRef = BB600DF71FA7959A00C5EF70 /* ViewController.swift */; };
		BB600DFB1FA7959A00C5EF70 /* Main.storyboard in Resources */ = {isa = PBXBuildFile; fileRef = BB600DF91FA7959A00C5EF70 /* Main.storyboard */; };
		BB600DFD1FA7959A00C5EF70 /* Assets.xcassets in Resources */ = {isa = PBXBuildFile; fileRef = BB600DFC1FA7959A00C5EF70 /* Assets.xcassets */; };
		BB600E001FA7959A00C5EF70 /* LaunchScreen.storyboard in Resources */ = {isa = PBXBuildFile; fileRef = BB600DFE1FA7959A00C5EF70 /* LaunchScreen.storyboard */; };
		BB600E0B1FA7959A00C5EF70 /* safeStartTests.swift in Sources */ = {isa = PBXBuildFile; fileRef = BB600E0A1FA7959A00C5EF70 /* safeStartTests.swift */; };
		BB600E161FA7959A00C5EF70 /* safeStartUITests.swift in Sources */ = {isa = PBXBuildFile; fileRef = BB600E151FA7959A00C5EF70 /* safeStartUITests.swift */; };
		BB600E1B1FA7959A00C5EF70 /* safeStart WatchKit App.app in Embed Watch Content */ = {isa = PBXBuildFile; fileRef = BB600E1A1FA7959A00C5EF70 /* safeStart WatchKit App.app */; };
		BB600E211FA7959A00C5EF70 /* Interface.storyboard in Resources */ = {isa = PBXBuildFile; fileRef = BB600E1F1FA7959A00C5EF70 /* Interface.storyboard */; };
		BB600E231FA7959A00C5EF70 /* Assets.xcassets in Resources */ = {isa = PBXBuildFile; fileRef = BB600E221FA7959A00C5EF70 /* Assets.xcassets */; };
		BB600E2A1FA7959A00C5EF70 /* safeStart WatchKit Extension.appex in Embed App Extensions */ = {isa = PBXBuildFile; fileRef = BB600E291FA7959A00C5EF70 /* safeStart WatchKit Extension.appex */; settings = {ATTRIBUTES = (RemoveHeadersOnCopy, ); }; };
		BB600E311FA7959A00C5EF70 /* InterfaceController.swift in Sources */ = {isa = PBXBuildFile; fileRef = BB600E301FA7959A00C5EF70 /* InterfaceController.swift */; };
		BB600E331FA7959A00C5EF70 /* ExtensionDelegate.swift in Sources */ = {isa = PBXBuildFile; fileRef = BB600E321FA7959A00C5EF70 /* ExtensionDelegate.swift */; };
		BB600E351FA7959A00C5EF70 /* NotificationController.swift in Sources */ = {isa = PBXBuildFile; fileRef = BB600E341FA7959A00C5EF70 /* NotificationController.swift */; };
		BB600E371FA7959A00C5EF70 /* Assets.xcassets in Resources */ = {isa = PBXBuildFile; fileRef = BB600E361FA7959A00C5EF70 /* Assets.xcassets */; };
/* End PBXBuildFile section */

/* Begin PBXContainerItemProxy section */
		BB600E071FA7959A00C5EF70 /* PBXContainerItemProxy */ = {
			isa = PBXContainerItemProxy;
			containerPortal = BB600DEA1FA7959900C5EF70 /* Project object */;
			proxyType = 1;
			remoteGlobalIDString = BB600DF11FA7959900C5EF70;
			remoteInfo = safeStart;
		};
		BB600E121FA7959A00C5EF70 /* PBXContainerItemProxy */ = {
			isa = PBXContainerItemProxy;
			containerPortal = BB600DEA1FA7959900C5EF70 /* Project object */;
			proxyType = 1;
			remoteGlobalIDString = BB600DF11FA7959900C5EF70;
			remoteInfo = safeStart;
		};
		BB600E1C1FA7959A00C5EF70 /* PBXContainerItemProxy */ = {
			isa = PBXContainerItemProxy;
			containerPortal = BB600DEA1FA7959900C5EF70 /* Project object */;
			proxyType = 1;
			remoteGlobalIDString = BB600E191FA7959A00C5EF70;
			remoteInfo = "safeStart WatchKit App";
		};
		BB600E2B1FA7959A00C5EF70 /* PBXContainerItemProxy */ = {
			isa = PBXContainerItemProxy;
			containerPortal = BB600DEA1FA7959900C5EF70 /* Project object */;
			proxyType = 1;
			remoteGlobalIDString = BB600E281FA7959A00C5EF70;
			remoteInfo = "safeStart WatchKit Extension";
		};
/* End PBXContainerItemProxy section */

/* Begin PBXCopyFilesBuildPhase section */
		BB600E3E1FA7959A00C5EF70 /* Embed App Extensions */ = {
			isa = PBXCopyFilesBuildPhase;
			buildActionMask = 2147483647;
			dstPath = "";
			dstSubfolderSpec = 13;
			files = (
				BB600E2A1FA7959A00C5EF70 /* safeStart WatchKit Extension.appex in Embed App Extensions */,
			);
			name = "Embed App Extensions";
			runOnlyForDeploymentPostprocessing = 0;
		};
		BB600E421FA7959A00C5EF70 /* Embed Watch Content */ = {
			isa = PBXCopyFilesBuildPhase;
			buildActionMask = 2147483647;
			dstPath = "$(CONTENTS_FOLDER_PATH)/Watch";
			dstSubfolderSpec = 16;
			files = (
				BB600E1B1FA7959A00C5EF70 /* safeStart WatchKit App.app in Embed Watch Content */,
			);
			name = "Embed Watch Content";
			runOnlyForDeploymentPostprocessing = 0;
		};
/* End PBXCopyFilesBuildPhase section */

/* Begin PBXFileReference section */
		BB01A3BC1FA8272C00311F5F /* safeStart.entitlements */ = {isa = PBXFileReference; lastKnownFileType = text.plist.entitlements; path = safeStart.entitlements; sourceTree = "<group>"; };
		BB01A3BD1FA8272C00311F5F /* HealthKit.framework */ = {isa = PBXFileReference; lastKnownFileType = wrapper.framework; name = HealthKit.framework; path = System/Library/Frameworks/HealthKit.framework; sourceTree = SDKROOT; };
		BB444C1D1FA7EFDD00BBDC9B /* WorkoutManager.swift */ = {isa = PBXFileReference; lastKnownFileType = sourcecode.swift; path = WorkoutManager.swift; sourceTree = "<group>"; };
		BB444C1F1FA7F12000BBDC9B /* safeStart WatchKit Extension.entitlements */ = {isa = PBXFileReference; lastKnownFileType = text.plist.entitlements; path = "safeStart WatchKit Extension.entitlements"; sourceTree = "<group>"; };
		BB444C211FA7F12000BBDC9B /* HealthKit.framework */ = {isa = PBXFileReference; lastKnownFileType = wrapper.framework; name = HealthKit.framework; path = Platforms/WatchOS.platform/Developer/SDKs/WatchOS4.0.sdk/System/Library/Frameworks/HealthKit.framework; sourceTree = DEVELOPER_DIR; };
		BB444C231FA7F1F300BBDC9B /* HeartRateManager.swift */ = {isa = PBXFileReference; lastKnownFileType = sourcecode.swift; path = HeartRateManager.swift; sourceTree = "<group>"; };
		BB444C251FA7F24400BBDC9B /* HeartRate.swift */ = {isa = PBXFileReference; lastKnownFileType = sourcecode.swift; path = HeartRate.swift; sourceTree = "<group>"; };
		BB444C271FA7F28400BBDC9B /* hkunitbpm.swift */ = {isa = PBXFileReference; lastKnownFileType = sourcecode.swift; path = hkunitbpm.swift; sourceTree = "<group>"; };
		BB444C291FA7F35000BBDC9B /* AuthorizationManager.swift */ = {isa = PBXFileReference; lastKnownFileType = sourcecode.swift; path = AuthorizationManager.swift; sourceTree = "<group>"; };
		BB600DF21FA7959A00C5EF70 /* safeStart.app */ = {isa = PBXFileReference; explicitFileType = wrapper.application; includeInIndex = 0; path = safeStart.app; sourceTree = BUILT_PRODUCTS_DIR; };
		BB600DF51FA7959A00C5EF70 /* AppDelegate.swift */ = {isa = PBXFileReference; lastKnownFileType = sourcecode.swift; path = AppDelegate.swift; sourceTree = "<group>"; };
		BB600DF71FA7959A00C5EF70 /* ViewController.swift */ = {isa = PBXFileReference; lastKnownFileType = sourcecode.swift; path = ViewController.swift; sourceTree = "<group>"; };
		BB600DFA1FA7959A00C5EF70 /* Base */ = {isa = PBXFileReference; lastKnownFileType = file.storyboard; name = Base; path = Base.lproj/Main.storyboard; sourceTree = "<group>"; };
		BB600DFC1FA7959A00C5EF70 /* Assets.xcassets */ = {isa = PBXFileReference; lastKnownFileType = folder.assetcatalog; path = Assets.xcassets; sourceTree = "<group>"; };
		BB600DFF1FA7959A00C5EF70 /* Base */ = {isa = PBXFileReference; lastKnownFileType = file.storyboard; name = Base; path = Base.lproj/LaunchScreen.storyboard; sourceTree = "<group>"; };
		BB600E011FA7959A00C5EF70 /* Info.plist */ = {isa = PBXFileReference; lastKnownFileType = text.plist.xml; path = Info.plist; sourceTree = "<group>"; };
		BB600E061FA7959A00C5EF70 /* safeStartTests.xctest */ = {isa = PBXFileReference; explicitFileType = wrapper.cfbundle; includeInIndex = 0; path = safeStartTests.xctest; sourceTree = BUILT_PRODUCTS_DIR; };
		BB600E0A1FA7959A00C5EF70 /* safeStartTests.swift */ = {isa = PBXFileReference; lastKnownFileType = sourcecode.swift; path = safeStartTests.swift; sourceTree = "<group>"; };
		BB600E0C1FA7959A00C5EF70 /* Info.plist */ = {isa = PBXFileReference; lastKnownFileType = text.plist.xml; path = Info.plist; sourceTree = "<group>"; };
		BB600E111FA7959A00C5EF70 /* safeStartUITests.xctest */ = {isa = PBXFileReference; explicitFileType = wrapper.cfbundle; includeInIndex = 0; path = safeStartUITests.xctest; sourceTree = BUILT_PRODUCTS_DIR; };
		BB600E151FA7959A00C5EF70 /* safeStartUITests.swift */ = {isa = PBXFileReference; lastKnownFileType = sourcecode.swift; path = safeStartUITests.swift; sourceTree = "<group>"; };
		BB600E171FA7959A00C5EF70 /* Info.plist */ = {isa = PBXFileReference; lastKnownFileType = text.plist.xml; name = Info.plist; path = ../safeStartUITests/Info.plist; sourceTree = "<group>"; };
		BB600E1A1FA7959A00C5EF70 /* safeStart WatchKit App.app */ = {isa = PBXFileReference; explicitFileType = wrapper.application; includeInIndex = 0; path = "safeStart WatchKit App.app"; sourceTree = BUILT_PRODUCTS_DIR; };
		BB600E201FA7959A00C5EF70 /* Base */ = {isa = PBXFileReference; lastKnownFileType = file.storyboard; name = Base; path = Base.lproj/Interface.storyboard; sourceTree = "<group>"; };
		BB600E221FA7959A00C5EF70 /* Assets.xcassets */ = {isa = PBXFileReference; lastKnownFileType = folder.assetcatalog; path = Assets.xcassets; sourceTree = "<group>"; };
		BB600E241FA7959A00C5EF70 /* Info.plist */ = {isa = PBXFileReference; lastKnownFileType = text.plist.xml; path = Info.plist; sourceTree = "<group>"; };
		BB600E291FA7959A00C5EF70 /* safeStart WatchKit Extension.appex */ = {isa = PBXFileReference; explicitFileType = "wrapper.app-extension"; includeInIndex = 0; path = "safeStart WatchKit Extension.appex"; sourceTree = BUILT_PRODUCTS_DIR; };
		BB600E2F1FA7959A00C5EF70 /* PushNotificationPayload.apns */ = {isa = PBXFileReference; lastKnownFileType = text; path = PushNotificationPayload.apns; sourceTree = "<group>"; };
		BB600E301FA7959A00C5EF70 /* InterfaceController.swift */ = {isa = PBXFileReference; lastKnownFileType = sourcecode.swift; path = InterfaceController.swift; sourceTree = "<group>"; };
		BB600E321FA7959A00C5EF70 /* ExtensionDelegate.swift */ = {isa = PBXFileReference; lastKnownFileType = sourcecode.swift; path = ExtensionDelegate.swift; sourceTree = "<group>"; };
		BB600E341FA7959A00C5EF70 /* NotificationController.swift */ = {isa = PBXFileReference; lastKnownFileType = sourcecode.swift; path = NotificationController.swift; sourceTree = "<group>"; };
		BB600E361FA7959A00C5EF70 /* Assets.xcassets */ = {isa = PBXFileReference; lastKnownFileType = folder.assetcatalog; path = Assets.xcassets; sourceTree = "<group>"; };
		BB600E381FA7959A00C5EF70 /* Info.plist */ = {isa = PBXFileReference; lastKnownFileType = text.plist.xml; path = Info.plist; sourceTree = "<group>"; };
/* End PBXFileReference section */

/* Begin PBXFrameworksBuildPhase section */
		BB600DEF1FA7959900C5EF70 /* Frameworks */ = {
			isa = PBXFrameworksBuildPhase;
			buildActionMask = 2147483647;
			files = (
				BB01A3BE1FA8272C00311F5F /* HealthKit.framework in Frameworks */,
			);
			runOnlyForDeploymentPostprocessing = 0;
		};
		BB600E031FA7959A00C5EF70 /* Frameworks */ = {
			isa = PBXFrameworksBuildPhase;
			buildActionMask = 2147483647;
			files = (
			);
			runOnlyForDeploymentPostprocessing = 0;
		};
		BB600E0E1FA7959A00C5EF70 /* Frameworks */ = {
			isa = PBXFrameworksBuildPhase;
			buildActionMask = 2147483647;
			files = (
			);
			runOnlyForDeploymentPostprocessing = 0;
		};
		BB600E261FA7959A00C5EF70 /* Frameworks */ = {
			isa = PBXFrameworksBuildPhase;
			buildActionMask = 2147483647;
			files = (
				BB444C221FA7F12000BBDC9B /* HealthKit.framework in Frameworks */,
			);
			runOnlyForDeploymentPostprocessing = 0;
		};
/* End PBXFrameworksBuildPhase section */

/* Begin PBXGroup section */
		BB444C201FA7F12000BBDC9B /* Frameworks */ = {
			isa = PBXGroup;
			children = (
				BB01A3BD1FA8272C00311F5F /* HealthKit.framework */,
				BB444C211FA7F12000BBDC9B /* HealthKit.framework */,
			);
			name = Frameworks;
			sourceTree = "<group>";
		};
		BB600DE91FA7959900C5EF70 = {
			isa = PBXGroup;
			children = (
				BB600DF41FA7959A00C5EF70 /* safeStart */,
				BB600E091FA7959A00C5EF70 /* safeStartTests */,
				BB600E141FA7959A00C5EF70 /* safeStartUITests */,
				BB600E1E1FA7959A00C5EF70 /* safeStart WatchKit App */,
				BB600E2D1FA7959A00C5EF70 /* safeStart WatchKit Extension */,
				BB600DF31FA7959A00C5EF70 /* Products */,
				BB444C201FA7F12000BBDC9B /* Frameworks */,
			);
			sourceTree = "<group>";
		};
		BB600DF31FA7959A00C5EF70 /* Products */ = {
			isa = PBXGroup;
			children = (
				BB600DF21FA7959A00C5EF70 /* safeStart.app */,
				BB600E061FA7959A00C5EF70 /* safeStartTests.xctest */,
				BB600E111FA7959A00C5EF70 /* safeStartUITests.xctest */,
				BB600E1A1FA7959A00C5EF70 /* safeStart WatchKit App.app */,
				BB600E291FA7959A00C5EF70 /* safeStart WatchKit Extension.appex */,
			);
			name = Products;
			sourceTree = "<group>";
		};
		BB600DF41FA7959A00C5EF70 /* safeStart */ = {
			isa = PBXGroup;
			children = (
				BB01A3BC1FA8272C00311F5F /* safeStart.entitlements */,
				BB600DF51FA7959A00C5EF70 /* AppDelegate.swift */,
				BB600DF71FA7959A00C5EF70 /* ViewController.swift */,
				BB600DF91FA7959A00C5EF70 /* Main.storyboard */,
				BB600DFC1FA7959A00C5EF70 /* Assets.xcassets */,
				BB600DFE1FA7959A00C5EF70 /* LaunchScreen.storyboard */,
				BB600E011FA7959A00C5EF70 /* Info.plist */,
			);
			path = safeStart;
			sourceTree = "<group>";
		};
		BB600E091FA7959A00C5EF70 /* safeStartTests */ = {
			isa = PBXGroup;
			children = (
				BB600E0A1FA7959A00C5EF70 /* safeStartTests.swift */,
				BB600E0C1FA7959A00C5EF70 /* Info.plist */,
			);
			path = safeStartTests;
			sourceTree = "<group>";
		};
		BB600E141FA7959A00C5EF70 /* safeStartUITests */ = {
			isa = PBXGroup;
			children = (
				BB444C1F1FA7F12000BBDC9B /* safeStart WatchKit Extension.entitlements */,
				BB600E151FA7959A00C5EF70 /* safeStartUITests.swift */,
			);
			path = safeStartUITests;
			sourceTree = "<group>";
		};
		BB600E1E1FA7959A00C5EF70 /* safeStart WatchKit App */ = {
			isa = PBXGroup;
			children = (
				BB600E1F1FA7959A00C5EF70 /* Interface.storyboard */,
				BB600E221FA7959A00C5EF70 /* Assets.xcassets */,
				BB600E241FA7959A00C5EF70 /* Info.plist */,
			);
			path = "safeStart WatchKit App";
			sourceTree = "<group>";
		};
		BB600E2D1FA7959A00C5EF70 /* safeStart WatchKit Extension */ = {
			isa = PBXGroup;
			children = (
				BB600E171FA7959A00C5EF70 /* Info.plist */,
				BB600E301FA7959A00C5EF70 /* InterfaceController.swift */,
				BB444C1D1FA7EFDD00BBDC9B /* WorkoutManager.swift */,
				BB444C231FA7F1F300BBDC9B /* HeartRateManager.swift */,
				BB600E321FA7959A00C5EF70 /* ExtensionDelegate.swift */,
				BB444C291FA7F35000BBDC9B /* AuthorizationManager.swift */,
				BB444C251FA7F24400BBDC9B /* HeartRate.swift */,
				BB444C271FA7F28400BBDC9B /* hkunitbpm.swift */,
				BB600E341FA7959A00C5EF70 /* NotificationController.swift */,
				BB600E361FA7959A00C5EF70 /* Assets.xcassets */,
				BB600E381FA7959A00C5EF70 /* Info.plist */,
				BB600E2E1FA7959A00C5EF70 /* Supporting Files */,
			);
			path = "safeStart WatchKit Extension";
			sourceTree = "<group>";
		};
		BB600E2E1FA7959A00C5EF70 /* Supporting Files */ = {
			isa = PBXGroup;
			children = (
				BB600E2F1FA7959A00C5EF70 /* PushNotificationPayload.apns */,
			);
			name = "Supporting Files";
			sourceTree = "<group>";
		};
/* End PBXGroup section */

/* Begin PBXNativeTarget section */
		BB600DF11FA7959900C5EF70 /* safeStart */ = {
			isa = PBXNativeTarget;
			buildConfigurationList = BB600E431FA7959A00C5EF70 /* Build configuration list for PBXNativeTarget "safeStart" */;
			buildPhases = (
				BB600DEE1FA7959900C5EF70 /* Sources */,
				BB600DEF1FA7959900C5EF70 /* Frameworks */,
				BB600DF01FA7959900C5EF70 /* Resources */,
				BB600E421FA7959A00C5EF70 /* Embed Watch Content */,
			);
			buildRules = (
			);
			dependencies = (
				BB600E1D1FA7959A00C5EF70 /* PBXTargetDependency */,
			);
			name = safeStart;
			productName = safeStart;
			productReference = BB600DF21FA7959A00C5EF70 /* safeStart.app */;
			productType = "com.apple.product-type.application";
		};
		BB600E051FA7959A00C5EF70 /* safeStartTests */ = {
			isa = PBXNativeTarget;
			buildConfigurationList = BB600E461FA7959A00C5EF70 /* Build configuration list for PBXNativeTarget "safeStartTests" */;
			buildPhases = (
				BB600E021FA7959A00C5EF70 /* Sources */,
				BB600E031FA7959A00C5EF70 /* Frameworks */,
				BB600E041FA7959A00C5EF70 /* Resources */,
			);
			buildRules = (
			);
			dependencies = (
				BB600E081FA7959A00C5EF70 /* PBXTargetDependency */,
			);
			name = safeStartTests;
			productName = safeStartTests;
			productReference = BB600E061FA7959A00C5EF70 /* safeStartTests.xctest */;
			productType = "com.apple.product-type.bundle.unit-test";
		};
		BB600E101FA7959A00C5EF70 /* safeStartUITests */ = {
			isa = PBXNativeTarget;
			buildConfigurationList = BB600E491FA7959A00C5EF70 /* Build configuration list for PBXNativeTarget "safeStartUITests" */;
			buildPhases = (
				BB600E0D1FA7959A00C5EF70 /* Sources */,
				BB600E0E1FA7959A00C5EF70 /* Frameworks */,
				BB600E0F1FA7959A00C5EF70 /* Resources */,
			);
			buildRules = (
			);
			dependencies = (
				BB600E131FA7959A00C5EF70 /* PBXTargetDependency */,
			);
			name = safeStartUITests;
			productName = safeStartUITests;
			productReference = BB600E111FA7959A00C5EF70 /* safeStartUITests.xctest */;
			productType = "com.apple.product-type.bundle.ui-testing";
		};
		BB600E191FA7959A00C5EF70 /* safeStart WatchKit App */ = {
			isa = PBXNativeTarget;
			buildConfigurationList = BB600E3F1FA7959A00C5EF70 /* Build configuration list for PBXNativeTarget "safeStart WatchKit App" */;
			buildPhases = (
				BB600E181FA7959A00C5EF70 /* Resources */,
				BB600E3E1FA7959A00C5EF70 /* Embed App Extensions */,
			);
			buildRules = (
			);
			dependencies = (
				BB600E2C1FA7959A00C5EF70 /* PBXTargetDependency */,
			);
			name = "safeStart WatchKit App";
			productName = "safeStart WatchKit App";
			productReference = BB600E1A1FA7959A00C5EF70 /* safeStart WatchKit App.app */;
			productType = "com.apple.product-type.application.watchapp2";
		};
		BB600E281FA7959A00C5EF70 /* safeStart WatchKit Extension */ = {
			isa = PBXNativeTarget;
			buildConfigurationList = BB600E3B1FA7959A00C5EF70 /* Build configuration list for PBXNativeTarget "safeStart WatchKit Extension" */;
			buildPhases = (
				BB600E251FA7959A00C5EF70 /* Sources */,
				BB600E261FA7959A00C5EF70 /* Frameworks */,
				BB600E271FA7959A00C5EF70 /* Resources */,
			);
			buildRules = (
			);
			dependencies = (
			);
			name = "safeStart WatchKit Extension";
			productName = "safeStart WatchKit Extension";
			productReference = BB600E291FA7959A00C5EF70 /* safeStart WatchKit Extension.appex */;
			productType = "com.apple.product-type.watchkit2-extension";
		};
/* End PBXNativeTarget section */

/* Begin PBXProject section */
		BB600DEA1FA7959900C5EF70 /* Project object */ = {
			isa = PBXProject;
			attributes = {
				LastSwiftUpdateCheck = 0830;
				LastUpgradeCheck = 0900;
				ORGANIZATIONNAME = "Shaheen Ghazazani";
				TargetAttributes = {
					BB600DF11FA7959900C5EF70 = {
						CreatedOnToolsVersion = 8.3.3;
						DevelopmentTeam = 4GZAW9UKYC;
						LastSwiftMigration = 0900;
						ProvisioningStyle = Automatic;
						SystemCapabilities = {
							com.apple.BackgroundModes = {
								enabled = 1;
							};
							com.apple.HealthKit = {
								enabled = 1;
							};
						};
					};
					BB600E051FA7959A00C5EF70 = {
						CreatedOnToolsVersion = 8.3.3;
						DevelopmentTeam = 4GZAW9UKYC;
						ProvisioningStyle = Automatic;
						TestTargetID = BB600DF11FA7959900C5EF70;
					};
					BB600E101FA7959A00C5EF70 = {
						CreatedOnToolsVersion = 8.3.3;
						DevelopmentTeam = 4GZAW9UKYC;
						ProvisioningStyle = Automatic;
						TestTargetID = BB600DF11FA7959900C5EF70;
					};
					BB600E191FA7959A00C5EF70 = {
						CreatedOnToolsVersion = 8.3.3;
						DevelopmentTeam = 4GZAW9UKYC;
						LastSwiftMigration = 0900;
						ProvisioningStyle = Automatic;
					};
					BB600E281FA7959A00C5EF70 = {
						CreatedOnToolsVersion = 8.3.3;
						DevelopmentTeam = 4GZAW9UKYC;
						LastSwiftMigration = 0900;
						ProvisioningStyle = Automatic;
						SystemCapabilities = {
							com.apple.BackgroundModes.watchos.extension = {
								enabled = 1;
							};
							com.apple.HealthKit.watchos = {
								enabled = 1;
							};
						};
					};
				};
			};
			buildConfigurationList = BB600DED1FA7959900C5EF70 /* Build configuration list for PBXProject "safeStart" */;
			compatibilityVersion = "Xcode 3.2";
			developmentRegion = English;
			hasScannedForEncodings = 0;
			knownRegions = (
				en,
				Base,
			);
			mainGroup = BB600DE91FA7959900C5EF70;
			productRefGroup = BB600DF31FA7959A00C5EF70 /* Products */;
			projectDirPath = "";
			projectRoot = "";
			targets = (
				BB600DF11FA7959900C5EF70 /* safeStart */,
				BB600E051FA7959A00C5EF70 /* safeStartTests */,
				BB600E101FA7959A00C5EF70 /* safeStartUITests */,
				BB600E191FA7959A00C5EF70 /* safeStart WatchKit App */,
				BB600E281FA7959A00C5EF70 /* safeStart WatchKit Extension */,
			);
		};
/* End PBXProject section */

/* Begin PBXResourcesBuildPhase section */
		BB600DF01FA7959900C5EF70 /* Resources */ = {
			isa = PBXResourcesBuildPhase;
			buildActionMask = 2147483647;
			files = (
				BB600E001FA7959A00C5EF70 /* LaunchScreen.storyboard in Resources */,
				BB600DFD1FA7959A00C5EF70 /* Assets.xcassets in Resources */,
				BB600DFB1FA7959A00C5EF70 /* Main.storyboard in Resources */,
			);
			runOnlyForDeploymentPostprocessing = 0;
		};
		BB600E041FA7959A00C5EF70 /* Resources */ = {
			isa = PBXResourcesBuildPhase;
			buildActionMask = 2147483647;
			files = (
			);
			runOnlyForDeploymentPostprocessing = 0;
		};
		BB600E0F1FA7959A00C5EF70 /* Resources */ = {
			isa = PBXResourcesBuildPhase;
			buildActionMask = 2147483647;
			files = (
			);
			runOnlyForDeploymentPostprocessing = 0;
		};
		BB600E181FA7959A00C5EF70 /* Resources */ = {
			isa = PBXResourcesBuildPhase;
			buildActionMask = 2147483647;
			files = (
				BB600E231FA7959A00C5EF70 /* Assets.xcassets in Resources */,
				BB600E211FA7959A00C5EF70 /* Interface.storyboard in Resources */,
			);
			runOnlyForDeploymentPostprocessing = 0;
		};
		BB600E271FA7959A00C5EF70 /* Resources */ = {
			isa = PBXResourcesBuildPhase;
			buildActionMask = 2147483647;
			files = (
				BB600E371FA7959A00C5EF70 /* Assets.xcassets in Resources */,
			);
			runOnlyForDeploymentPostprocessing = 0;
		};
/* End PBXResourcesBuildPhase section */

/* Begin PBXSourcesBuildPhase section */
		BB600DEE1FA7959900C5EF70 /* Sources */ = {
			isa = PBXSourcesBuildPhase;
			buildActionMask = 2147483647;
			files = (
				BB600DF81FA7959A00C5EF70 /* ViewController.swift in Sources */,
				BB600DF61FA7959A00C5EF70 /* AppDelegate.swift in Sources */,
			);
			runOnlyForDeploymentPostprocessing = 0;
		};
		BB600E021FA7959A00C5EF70 /* Sources */ = {
			isa = PBXSourcesBuildPhase;
			buildActionMask = 2147483647;
			files = (
				BB600E0B1FA7959A00C5EF70 /* safeStartTests.swift in Sources */,
			);
			runOnlyForDeploymentPostprocessing = 0;
		};
		BB600E0D1FA7959A00C5EF70 /* Sources */ = {
			isa = PBXSourcesBuildPhase;
			buildActionMask = 2147483647;
			files = (
				BB600E161FA7959A00C5EF70 /* safeStartUITests.swift in Sources */,
			);
			runOnlyForDeploymentPostprocessing = 0;
		};
		BB600E251FA7959A00C5EF70 /* Sources */ = {
			isa = PBXSourcesBuildPhase;
			buildActionMask = 2147483647;
			files = (
				BB444C281FA7F28400BBDC9B /* hkunitbpm.swift in Sources */,
				BB600E351FA7959A00C5EF70 /* NotificationController.swift in Sources */,
				BB444C1E1FA7EFDD00BBDC9B /* WorkoutManager.swift in Sources */,
				BB600E331FA7959A00C5EF70 /* ExtensionDelegate.swift in Sources */,
				BB600E311FA7959A00C5EF70 /* InterfaceController.swift in Sources */,
				BB444C261FA7F24400BBDC9B /* HeartRate.swift in Sources */,
				BB444C241FA7F1F300BBDC9B /* HeartRateManager.swift in Sources */,
				BB444C2A1FA7F35000BBDC9B /* AuthorizationManager.swift in Sources */,
			);
			runOnlyForDeploymentPostprocessing = 0;
		};
/* End PBXSourcesBuildPhase section */

/* Begin PBXTargetDependency section */
		BB600E081FA7959A00C5EF70 /* PBXTargetDependency */ = {
			isa = PBXTargetDependency;
			target = BB600DF11FA7959900C5EF70 /* safeStart */;
			targetProxy = BB600E071FA7959A00C5EF70 /* PBXContainerItemProxy */;
		};
		BB600E131FA7959A00C5EF70 /* PBXTargetDependency */ = {
			isa = PBXTargetDependency;
			target = BB600DF11FA7959900C5EF70 /* safeStart */;
			targetProxy = BB600E121FA7959A00C5EF70 /* PBXContainerItemProxy */;
		};
		BB600E1D1FA7959A00C5EF70 /* PBXTargetDependency */ = {
			isa = PBXTargetDependency;
			target = BB600E191FA7959A00C5EF70 /* safeStart WatchKit App */;
			targetProxy = BB600E1C1FA7959A00C5EF70 /* PBXContainerItemProxy */;
		};
		BB600E2C1FA7959A00C5EF70 /* PBXTargetDependency */ = {
			isa = PBXTargetDependency;
			target = BB600E281FA7959A00C5EF70 /* safeStart WatchKit Extension */;
			targetProxy = BB600E2B1FA7959A00C5EF70 /* PBXContainerItemProxy */;
		};
/* End PBXTargetDependency section */

/* Begin PBXVariantGroup section */
		BB600DF91FA7959A00C5EF70 /* Main.storyboard */ = {
			isa = PBXVariantGroup;
			children = (
				BB600DFA1FA7959A00C5EF70 /* Base */,
			);
			name = Main.storyboard;
			sourceTree = "<group>";
		};
		BB600DFE1FA7959A00C5EF70 /* LaunchScreen.storyboard */ = {
			isa = PBXVariantGroup;
			children = (
				BB600DFF1FA7959A00C5EF70 /* Base */,
			);
			name = LaunchScreen.storyboard;
			sourceTree = "<group>";
		};
		BB600E1F1FA7959A00C5EF70 /* Interface.storyboard */ = {
			isa = PBXVariantGroup;
			children = (
				BB600E201FA7959A00C5EF70 /* Base */,
			);
			name = Interface.storyboard;
			sourceTree = "<group>";
		};
/* End PBXVariantGroup section */

/* Begin XCBuildConfiguration section */
		BB600E391FA7959A00C5EF70 /* Debug */ = {
			isa = XCBuildConfiguration;
			buildSettings = {
				ALWAYS_SEARCH_USER_PATHS = NO;
				CLANG_ANALYZER_NONNULL = YES;
				CLANG_ANALYZER_NUMBER_OBJECT_CONVERSION = YES_AGGRESSIVE;
				CLANG_CXX_LANGUAGE_STANDARD = "gnu++0x";
				CLANG_CXX_LIBRARY = "libc++";
				CLANG_ENABLE_MODULES = YES;
				CLANG_ENABLE_OBJC_ARC = YES;
				CLANG_WARN_BLOCK_CAPTURE_AUTORELEASING = YES;
				CLANG_WARN_BOOL_CONVERSION = YES;
				CLANG_WARN_COMMA = YES;
				CLANG_WARN_CONSTANT_CONVERSION = YES;
				CLANG_WARN_DIRECT_OBJC_ISA_USAGE = YES_ERROR;
				CLANG_WARN_DOCUMENTATION_COMMENTS = YES;
				CLANG_WARN_EMPTY_BODY = YES;
				CLANG_WARN_ENUM_CONVERSION = YES;
				CLANG_WARN_INFINITE_RECURSION = YES;
				CLANG_WARN_INT_CONVERSION = YES;
				CLANG_WARN_NON_LITERAL_NULL_CONVERSION = YES;
				CLANG_WARN_OBJC_LITERAL_CONVERSION = YES;
				CLANG_WARN_OBJC_ROOT_CLASS = YES_ERROR;
				CLANG_WARN_RANGE_LOOP_ANALYSIS = YES;
				CLANG_WARN_STRICT_PROTOTYPES = YES;
				CLANG_WARN_SUSPICIOUS_MOVE = YES;
				CLANG_WARN_UNREACHABLE_CODE = YES;
				CLANG_WARN__DUPLICATE_METHOD_MATCH = YES;
				"CODE_SIGN_IDENTITY[sdk=iphoneos*]" = "iPhone Developer";
				COPY_PHASE_STRIP = NO;
				DEBUG_INFORMATION_FORMAT = dwarf;
				ENABLE_STRICT_OBJC_MSGSEND = YES;
				ENABLE_TESTABILITY = YES;
				GCC_C_LANGUAGE_STANDARD = gnu99;
				GCC_DYNAMIC_NO_PIC = NO;
				GCC_NO_COMMON_BLOCKS = YES;
				GCC_OPTIMIZATION_LEVEL = 0;
				GCC_PREPROCESSOR_DEFINITIONS = (
					"DEBUG=1",
					"$(inherited)",
				);
				GCC_WARN_64_TO_32_BIT_CONVERSION = YES;
				GCC_WARN_ABOUT_RETURN_TYPE = YES_ERROR;
				GCC_WARN_UNDECLARED_SELECTOR = YES;
				GCC_WARN_UNINITIALIZED_AUTOS = YES_AGGRESSIVE;
				GCC_WARN_UNUSED_FUNCTION = YES;
				GCC_WARN_UNUSED_VARIABLE = YES;
				IPHONEOS_DEPLOYMENT_TARGET = 10.3;
				MTL_ENABLE_DEBUG_INFO = YES;
				ONLY_ACTIVE_ARCH = YES;
				SDKROOT = iphoneos;
				SWIFT_ACTIVE_COMPILATION_CONDITIONS = DEBUG;
				SWIFT_OPTIMIZATION_LEVEL = "-Onone";
				TARGETED_DEVICE_FAMILY = "1,2";
			};
			name = Debug;
		};
		BB600E3A1FA7959A00C5EF70 /* Release */ = {
			isa = XCBuildConfiguration;
			buildSettings = {
				ALWAYS_SEARCH_USER_PATHS = NO;
				CLANG_ANALYZER_NONNULL = YES;
				CLANG_ANALYZER_NUMBER_OBJECT_CONVERSION = YES_AGGRESSIVE;
				CLANG_CXX_LANGUAGE_STANDARD = "gnu++0x";
				CLANG_CXX_LIBRARY = "libc++";
				CLANG_ENABLE_MODULES = YES;
				CLANG_ENABLE_OBJC_ARC = YES;
				CLANG_WARN_BLOCK_CAPTURE_AUTORELEASING = YES;
				CLANG_WARN_BOOL_CONVERSION = YES;
				CLANG_WARN_COMMA = YES;
				CLANG_WARN_CONSTANT_CONVERSION = YES;
				CLANG_WARN_DIRECT_OBJC_ISA_USAGE = YES_ERROR;
				CLANG_WARN_DOCUMENTATION_COMMENTS = YES;
				CLANG_WARN_EMPTY_BODY = YES;
				CLANG_WARN_ENUM_CONVERSION = YES;
				CLANG_WARN_INFINITE_RECURSION = YES;
				CLANG_WARN_INT_CONVERSION = YES;
				CLANG_WARN_NON_LITERAL_NULL_CONVERSION = YES;
				CLANG_WARN_OBJC_LITERAL_CONVERSION = YES;
				CLANG_WARN_OBJC_ROOT_CLASS = YES_ERROR;
				CLANG_WARN_RANGE_LOOP_ANALYSIS = YES;
				CLANG_WARN_STRICT_PROTOTYPES = YES;
				CLANG_WARN_SUSPICIOUS_MOVE = YES;
				CLANG_WARN_UNREACHABLE_CODE = YES;
				CLANG_WARN__DUPLICATE_METHOD_MATCH = YES;
				"CODE_SIGN_IDENTITY[sdk=iphoneos*]" = "iPhone Developer";
				COPY_PHASE_STRIP = NO;
				DEBUG_INFORMATION_FORMAT = "dwarf-with-dsym";
				ENABLE_NS_ASSERTIONS = NO;
				ENABLE_STRICT_OBJC_MSGSEND = YES;
				GCC_C_LANGUAGE_STANDARD = gnu99;
				GCC_NO_COMMON_BLOCKS = YES;
				GCC_WARN_64_TO_32_BIT_CONVERSION = YES;
				GCC_WARN_ABOUT_RETURN_TYPE = YES_ERROR;
				GCC_WARN_UNDECLARED_SELECTOR = YES;
				GCC_WARN_UNINITIALIZED_AUTOS = YES_AGGRESSIVE;
				GCC_WARN_UNUSED_FUNCTION = YES;
				GCC_WARN_UNUSED_VARIABLE = YES;
				IPHONEOS_DEPLOYMENT_TARGET = 10.3;
				MTL_ENABLE_DEBUG_INFO = NO;
				SDKROOT = iphoneos;
				SWIFT_OPTIMIZATION_LEVEL = "-Owholemodule";
				TARGETED_DEVICE_FAMILY = "1,2";
				VALIDATE_PRODUCT = YES;
			};
			name = Release;
		};
		BB600E3C1FA7959A00C5EF70 /* Debug */ = {
			isa = XCBuildConfiguration;
			buildSettings = {
				ASSETCATALOG_COMPILER_COMPLICATION_NAME = Complication;
				CODE_SIGN_ENTITLEMENTS = "safeStart WatchKit Extension/safeStart WatchKit Extension.entitlements";
				DEVELOPMENT_TEAM = 4GZAW9UKYC;
				INFOPLIST_FILE = "safeStart WatchKit Extension/Info.plist";
				LD_RUNPATH_SEARCH_PATHS = "$(inherited) @executable_path/Frameworks @executable_path/../../Frameworks";
				PRODUCT_BUNDLE_IDENTIFIER = CARLETON.safeStart.watchkitapp.watchkitextension;
				PRODUCT_NAME = "${TARGET_NAME}";
				SDKROOT = watchos;
				SKIP_INSTALL = YES;
				SWIFT_SWIFT3_OBJC_INFERENCE = On;
				SWIFT_VERSION = 4.0;
				TARGETED_DEVICE_FAMILY = 4;
				WATCHOS_DEPLOYMENT_TARGET = 3.2;
			};
			name = Debug;
		};
		BB600E3D1FA7959A00C5EF70 /* Release */ = {
			isa = XCBuildConfiguration;
			buildSettings = {
				ASSETCATALOG_COMPILER_COMPLICATION_NAME = Complication;
				CODE_SIGN_ENTITLEMENTS = "safeStart WatchKit Extension/safeStart WatchKit Extension.entitlements";
				DEVELOPMENT_TEAM = 4GZAW9UKYC;
				INFOPLIST_FILE = "safeStart WatchKit Extension/Info.plist";
				LD_RUNPATH_SEARCH_PATHS = "$(inherited) @executable_path/Frameworks @executable_path/../../Frameworks";
				PRODUCT_BUNDLE_IDENTIFIER = CARLETON.safeStart.watchkitapp.watchkitextension;
				PRODUCT_NAME = "${TARGET_NAME}";
				SDKROOT = watchos;
				SKIP_INSTALL = YES;
				SWIFT_SWIFT3_OBJC_INFERENCE = On;
				SWIFT_VERSION = 4.0;
				TARGETED_DEVICE_FAMILY = 4;
				WATCHOS_DEPLOYMENT_TARGET = 3.2;
			};
			name = Release;
		};
		BB600E401FA7959A00C5EF70 /* Debug */ = {
			isa = XCBuildConfiguration;
			buildSettings = {
				ALWAYS_EMBED_SWIFT_STANDARD_LIBRARIES = YES;
				ASSETCATALOG_COMPILER_APPICON_NAME = AppIcon;
				DEVELOPMENT_TEAM = 4GZAW9UKYC;
				IBSC_MODULE = safeStart_WatchKit_Extension;
				INFOPLIST_FILE = "safeStart WatchKit App/Info.plist";
				PRODUCT_BUNDLE_IDENTIFIER = CARLETON.safeStart.watchkitapp;
				PRODUCT_NAME = "$(TARGET_NAME)";
				SDKROOT = watchos;
				SKIP_INSTALL = YES;
				SWIFT_SWIFT3_OBJC_INFERENCE = On;
				SWIFT_VERSION = 4.0;
				TARGETED_DEVICE_FAMILY = 4;
				WATCHOS_DEPLOYMENT_TARGET = 3.2;
			};
			name = Debug;
		};
		BB600E411FA7959A00C5EF70 /* Release */ = {
			isa = XCBuildConfiguration;
			buildSettings = {
				ALWAYS_EMBED_SWIFT_STANDARD_LIBRARIES = YES;
				ASSETCATALOG_COMPILER_APPICON_NAME = AppIcon;
				DEVELOPMENT_TEAM = 4GZAW9UKYC;
				IBSC_MODULE = safeStart_WatchKit_Extension;
				INFOPLIST_FILE = "safeStart WatchKit App/Info.plist";
				PRODUCT_BUNDLE_IDENTIFIER = CARLETON.safeStart.watchkitapp;
				PRODUCT_NAME = "$(TARGET_NAME)";
				SDKROOT = watchos;
				SKIP_INSTALL = YES;
				SWIFT_SWIFT3_OBJC_INFERENCE = On;
				SWIFT_VERSION = 4.0;
				TARGETED_DEVICE_FAMILY = 4;
				WATCHOS_DEPLOYMENT_TARGET = 3.2;
			};
			name = Release;
		};
		BB600E441FA7959A00C5EF70 /* Debug */ = {
			isa = XCBuildConfiguration;
			buildSettings = {
				ASSETCATALOG_COMPILER_APPICON_NAME = AppIcon;
				CODE_SIGN_ENTITLEMENTS = safeStart/safeStart.entitlements;
				DEVELOPMENT_TEAM = 4GZAW9UKYC;
				INFOPLIST_FILE = safeStart/Info.plist;
				LD_RUNPATH_SEARCH_PATHS = "$(inherited) @executable_path/Frameworks";
				PRODUCT_BUNDLE_IDENTIFIER = CARLETON.safeStart;
				PRODUCT_NAME = "$(TARGET_NAME)";
				SWIFT_SWIFT3_OBJC_INFERENCE = On;
				SWIFT_VERSION = 3.0;
			};
			name = Debug;
		};
		BB600E451FA7959A00C5EF70 /* Release */ = {
			isa = XCBuildConfiguration;
			buildSettings = {
				ASSETCATALOG_COMPILER_APPICON_NAME = AppIcon;
				CODE_SIGN_ENTITLEMENTS = safeStart/safeStart.entitlements;
				DEVELOPMENT_TEAM = 4GZAW9UKYC;
				INFOPLIST_FILE = safeStart/Info.plist;
				LD_RUNPATH_SEARCH_PATHS = "$(inherited) @executable_path/Frameworks";
				PRODUCT_BUNDLE_IDENTIFIER = CARLETON.safeStart;
				PRODUCT_NAME = "$(TARGET_NAME)";
				SWIFT_SWIFT3_OBJC_INFERENCE = On;
				SWIFT_VERSION = 3.0;
			};
			name = Release;
		};
		BB600E471FA7959A00C5EF70 /* Debug */ = {
			isa = XCBuildConfiguration;
			buildSettings = {
				ALWAYS_EMBED_SWIFT_STANDARD_LIBRARIES = YES;
				BUNDLE_LOADER = "$(TEST_HOST)";
				DEVELOPMENT_TEAM = 4GZAW9UKYC;
				INFOPLIST_FILE = safeStartTests/Info.plist;
				LD_RUNPATH_SEARCH_PATHS = "$(inherited) @executable_path/Frameworks @loader_path/Frameworks";
				PRODUCT_BUNDLE_IDENTIFIER = CARLETON.safeStartTests;
				PRODUCT_NAME = "$(TARGET_NAME)";
				SWIFT_VERSION = 3.0;
				TEST_HOST = "$(BUILT_PRODUCTS_DIR)/safeStart.app/safeStart";
			};
			name = Debug;
		};
		BB600E481FA7959A00C5EF70 /* Release */ = {
			isa = XCBuildConfiguration;
			buildSettings = {
				ALWAYS_EMBED_SWIFT_STANDARD_LIBRARIES = YES;
				BUNDLE_LOADER = "$(TEST_HOST)";
				DEVELOPMENT_TEAM = 4GZAW9UKYC;
				INFOPLIST_FILE = safeStartTests/Info.plist;
				LD_RUNPATH_SEARCH_PATHS = "$(inherited) @executable_path/Frameworks @loader_path/Frameworks";
				PRODUCT_BUNDLE_IDENTIFIER = CARLETON.safeStartTests;
				PRODUCT_NAME = "$(TARGET_NAME)";
				SWIFT_VERSION = 3.0;
				TEST_HOST = "$(BUILT_PRODUCTS_DIR)/safeStart.app/safeStart";
			};
			name = Release;
		};
		BB600E4A1FA7959A00C5EF70 /* Debug */ = {
			isa = XCBuildConfiguration;
			buildSettings = {
				ALWAYS_EMBED_SWIFT_STANDARD_LIBRARIES = YES;
				DEVELOPMENT_TEAM = 4GZAW9UKYC;
				INFOPLIST_FILE = safeStartUITests/Info.plist;
				LD_RUNPATH_SEARCH_PATHS = "$(inherited) @executable_path/Frameworks @loader_path/Frameworks";
				PRODUCT_BUNDLE_IDENTIFIER = CARLETON.safeStartUITests;
				PRODUCT_NAME = "$(TARGET_NAME)";
				SWIFT_VERSION = 3.0;
				TEST_TARGET_NAME = safeStart;
			};
			name = Debug;
		};
		BB600E4B1FA7959A00C5EF70 /* Release */ = {
			isa = XCBuildConfiguration;
			buildSettings = {
				ALWAYS_EMBED_SWIFT_STANDARD_LIBRARIES = YES;
				DEVELOPMENT_TEAM = 4GZAW9UKYC;
				INFOPLIST_FILE = safeStartUITests/Info.plist;
				LD_RUNPATH_SEARCH_PATHS = "$(inherited) @executable_path/Frameworks @loader_path/Frameworks";
				PRODUCT_BUNDLE_IDENTIFIER = CARLETON.safeStartUITests;
				PRODUCT_NAME = "$(TARGET_NAME)";
				SWIFT_VERSION = 3.0;
				TEST_TARGET_NAME = safeStart;
			};
			name = Release;
		};
/* End XCBuildConfiguration section */

/* Begin XCConfigurationList section */
		BB600DED1FA7959900C5EF70 /* Build configuration list for PBXProject "safeStart" */ = {
			isa = XCConfigurationList;
			buildConfigurations = (
				BB600E391FA7959A00C5EF70 /* Debug */,
				BB600E3A1FA7959A00C5EF70 /* Release */,
			);
			defaultConfigurationIsVisible = 0;
			defaultConfigurationName = Release;
		};
		BB600E3B1FA7959A00C5EF70 /* Build configuration list for PBXNativeTarget "safeStart WatchKit Extension" */ = {
			isa = XCConfigurationList;
			buildConfigurations = (
				BB600E3C1FA7959A00C5EF70 /* Debug */,
				BB600E3D1FA7959A00C5EF70 /* Release */,
			);
			defaultConfigurationIsVisible = 0;
			defaultConfigurationName = Release;
		};
		BB600E3F1FA7959A00C5EF70 /* Build configuration list for PBXNativeTarget "safeStart WatchKit App" */ = {
			isa = XCConfigurationList;
			buildConfigurations = (
				BB600E401FA7959A00C5EF70 /* Debug */,
				BB600E411FA7959A00C5EF70 /* Release */,
			);
			defaultConfigurationIsVisible = 0;
			defaultConfigurationName = Release;
		};
		BB600E431FA7959A00C5EF70 /* Build configuration list for PBXNativeTarget "safeStart" */ = {
			isa = XCConfigurationList;
			buildConfigurations = (
				BB600E441FA7959A00C5EF70 /* Debug */,
				BB600E451FA7959A00C5EF70 /* Release */,
			);
			defaultConfigurationIsVisible = 0;
			defaultConfigurationName = Release;
		};
		BB600E461FA7959A00C5EF70 /* Build configuration list for PBXNativeTarget "safeStartTests" */ = {
			isa = XCConfigurationList;
			buildConfigurations = (
				BB600E471FA7959A00C5EF70 /* Debug */,
				BB600E481FA7959A00C5EF70 /* Release */,
			);
			defaultConfigurationIsVisible = 0;
			defaultConfigurationName = Release;
		};
		BB600E491FA7959A00C5EF70 /* Build configuration list for PBXNativeTarget "safeStartUITests" */ = {
			isa = XCConfigurationList;
			buildConfigurations = (
				BB600E4A1FA7959A00C5EF70 /* Debug */,
				BB600E4B1FA7959A00C5EF70 /* Release */,
			);
			defaultConfigurationIsVisible = 0;
			defaultConfigurationName = Release;
		};
/* End XCConfigurationList section */
	};
	rootObject = BB600DEA1FA7959900C5EF70 /* Project object */;
}
